
Microsoft Visual Studio Solution File, Format Version 12.00
# Visual Studio Version 17
VisualStudioVersion = 17.4.33205.214
MinimumVisualStudioVersion = 10.0.40219.1
Project("{FAE04EC0-301F-11D3-BF4B-00C04F79EFBC}") = "WindowsFormsApp1", "WindowsFormsApp1.csproj", "{3C049C11-2C4B-49E4-ADF2-ED12D1741DA0}"
EndProject
Global
	GlobalSection(SolutionConfigurationPlatforms) = preSolution
		Debug|Any CPU = Debug|Any CPU
		Release|Any CPU = Release|Any CPU
	EndGlobalSection
	GlobalSection(ProjectConfigurationPlatforms) = postSolution
		{3C049C11-2C4B-49E4-ADF2-ED12D1741DA0}.Debug|Any CPU.ActiveCfg = Debug|Any CPU
		{3C049C11-2C4B-49E4-ADF2-ED12D1741DA0}.Debug|Any CPU.Build.0 = Debug|Any CPU
		{3C049C11-2C4B-49E4-ADF2-ED12D1741DA0}.Release|Any CPU.ActiveCfg = Release|Any CPU
		{3C049C11-2C4B-49E4-ADF2-ED12D1741DA0}.Release|Any CPU.Build.0 = Release|Any CPU
	EndGlobalSection
	GlobalSection(SolutionProperties) = preSolution
		HideSolutionNode = FALSE
	EndGlobalSection
	GlobalSection(ExtensibilityGlobals) = postSolution
		SolutionGuid = {DF0FE8D2-969F-400A-A3DD-6DD558A0A4CE}
	EndGlobalSection
EndGlobal
